
Microsoft Visual Studio Solution File, Format Version 12.00
# Visual Studio 15
VisualStudioVersion = 15.0.27428.2037
MinimumVisualStudioVersion = 10.0.40219.1
Project("{E24C65DC-7377-472B-9ABA-BC803B73C61A}") = "ProyectoDesarrolloWeb", "ProyectoDesarrolloWeb\", "{32BB96E7-7B77-464C-A06B-F9C94559BA68}"
	ProjectSection(WebsiteProperties) = preProject
		TargetFrameworkMoniker = ".NETFramework,Version%3Dv4.6.1"
		Debug.AspNetCompiler.VirtualPath = "/localhost_50723"
		Debug.AspNetCompiler.PhysicalPath = "ProyectoDesarrolloWeb\"
		Debug.AspNetCompiler.TargetPath = "PrecompiledWeb\localhost_50723\"
		Debug.AspNetCompiler.Updateable = "true"
		Debug.AspNetCompiler.ForceOverwrite = "true"
		Debug.AspNetCompiler.FixedNames = "false"
		Debug.AspNetCompiler.Debug = "True"
		Release.AspNetCompiler.VirtualPath = "/localhost_50723"
		Release.AspNetCompiler.PhysicalPath = "ProyectoDesarrolloWeb\"
		Release.AspNetCompiler.TargetPath = "PrecompiledWeb\localhost_50723\"
		Release.AspNetCompiler.Updateable = "true"
		Release.AspNetCompiler.ForceOverwrite = "true"
		Release.AspNetCompiler.FixedNames = "false"
		Release.AspNetCompiler.Debug = "False"
		VWDPort = "50723"
		SlnRelativePath = "ProyectoDesarrolloWeb\"
		DefaultWebSiteLanguage = "Visual C#"
	EndProjectSection
EndProject
Project("{FAE04EC0-301F-11D3-BF4B-00C04F79EFBC}") = "MyExamWebTest", "MyExamWebTest\MyExamWebTest.csproj", "{E34DC858-B24A-4B13-BD37-0E02875DCBFD}"
EndProject
Global
	GlobalSection(SolutionConfigurationPlatforms) = preSolution
		Debug|Any CPU = Debug|Any CPU
		Release|Any CPU = Release|Any CPU
	EndGlobalSection
	GlobalSection(ProjectConfigurationPlatforms) = postSolution
		{32BB96E7-7B77-464C-A06B-F9C94559BA68}.Debug|Any CPU.ActiveCfg = Debug|Any CPU
		{32BB96E7-7B77-464C-A06B-F9C94559BA68}.Debug|Any CPU.Build.0 = Debug|Any CPU
		{32BB96E7-7B77-464C-A06B-F9C94559BA68}.Release|Any CPU.ActiveCfg = Debug|Any CPU
		{32BB96E7-7B77-464C-A06B-F9C94559BA68}.Release|Any CPU.Build.0 = Debug|Any CPU
		{E34DC858-B24A-4B13-BD37-0E02875DCBFD}.Debug|Any CPU.ActiveCfg = Debug|Any CPU
		{E34DC858-B24A-4B13-BD37-0E02875DCBFD}.Debug|Any CPU.Build.0 = Debug|Any CPU
		{E34DC858-B24A-4B13-BD37-0E02875DCBFD}.Release|Any CPU.ActiveCfg = Release|Any CPU
		{E34DC858-B24A-4B13-BD37-0E02875DCBFD}.Release|Any CPU.Build.0 = Release|Any CPU
	EndGlobalSection
	GlobalSection(SolutionProperties) = preSolution
		HideSolutionNode = FALSE
	EndGlobalSection
	GlobalSection(ExtensibilityGlobals) = postSolution
		SolutionGuid = {282CF0D1-8257-47E9-96BD-3D0718D54A1F}
	EndGlobalSection
EndGlobal
