
Microsoft Visual Studio Solution File, Format Version 12.00
# Visual Studio 15
VisualStudioVersion = 15.0.27428.2037
MinimumVisualStudioVersion = 10.0.40219.1
Project("{FAE04EC0-301F-11D3-BF4B-00C04F79EFBC}") = "prjMyExamWeb1", "prjMyExamWeb1\prjMyExamWeb1.csproj", "{010C23BF-401A-44F7-B4D2-38733FCC4ACB}"
EndProject
Project("{FAE04EC0-301F-11D3-BF4B-00C04F79EFBC}") = "prjMyExamWeb1.Tests", "prjMyExamWeb1.Tests\prjMyExamWeb1.Tests.csproj", "{314E5868-252B-490B-8563-98DD1BAA15A4}"
EndProject
Global
	GlobalSection(SolutionConfigurationPlatforms) = preSolution
		Debug|Any CPU = Debug|Any CPU
		Release|Any CPU = Release|Any CPU
	EndGlobalSection
	GlobalSection(ProjectConfigurationPlatforms) = postSolution
		{010C23BF-401A-44F7-B4D2-38733FCC4ACB}.Debug|Any CPU.ActiveCfg = Debug|Any CPU
		{010C23BF-401A-44F7-B4D2-38733FCC4ACB}.Debug|Any CPU.Build.0 = Debug|Any CPU
		{010C23BF-401A-44F7-B4D2-38733FCC4ACB}.Release|Any CPU.ActiveCfg = Release|Any CPU
		{010C23BF-401A-44F7-B4D2-38733FCC4ACB}.Release|Any CPU.Build.0 = Release|Any CPU
		{314E5868-252B-490B-8563-98DD1BAA15A4}.Debug|Any CPU.ActiveCfg = Debug|Any CPU
		{314E5868-252B-490B-8563-98DD1BAA15A4}.Debug|Any CPU.Build.0 = Debug|Any CPU
		{314E5868-252B-490B-8563-98DD1BAA15A4}.Release|Any CPU.ActiveCfg = Release|Any CPU
		{314E5868-252B-490B-8563-98DD1BAA15A4}.Release|Any CPU.Build.0 = Release|Any CPU
	EndGlobalSection
	GlobalSection(SolutionProperties) = preSolution
		HideSolutionNode = FALSE
	EndGlobalSection
	GlobalSection(ExtensibilityGlobals) = postSolution
		SolutionGuid = {282CF0D1-8257-47E9-96BD-3D0718D54A1F}
	EndGlobalSection
EndGlobal
